{
  "pins" : [
    {
      "identity" : "rxoptional",
      "kind" : "remoteSourceControl",
      "location" : "https://github.com/RxSwiftCommunity/RxOptional",
      "state" : {
        "revision" : "10820dd92601e8cf7b71c763fc7a1cf4d1bb14f5",
        "version" : "5.0.5"
      }
    },
    {
      "identity" : "rxswift",
      "kind" : "remoteSourceControl",
      "location" : "https://github.com/ReactiveX/RxSwift",
      "state" : {
        "revision" : "b4307ba0b6425c0ba4178e138799946c3da594f8",
        "version" : "6.5.0"
      }
    }
  ],
  "version" : 2
}
