// !$*UTF8*$!
{
	archiveVersion = 1;
	classes = {
	};
	objectVersion = 55;
	objects = {

/* Begin PBXBuildFile section */
		FCB4BA742873CD25001F3E94 /* AppDelegate.swift in Sources */ = {isa = PBXBuildFile; fileRef = FCB4BA732873CD25001F3E94 /* AppDelegate.swift */; };
		FCB4BA762873CD25001F3E94 /* SceneDelegate.swift in Sources */ = {isa = PBXBuildFile; fileRef = FCB4BA752873CD25001F3E94 /* SceneDelegate.swift */; };
		FCB4BA7D2873CD28001F3E94 /* Assets.xcassets in Resources */ = {isa = PBXBuildFile; fileRef = FCB4BA7C2873CD28001F3E94 /* Assets.xcassets */; };
		FCB4BA802873CD28001F3E94 /* LaunchScreen.storyboard in Resources */ = {isa = PBXBuildFile; fileRef = FCB4BA7E2873CD28001F3E94 /* LaunchScreen.storyboard */; };
		FCB4BA8B2873CD28001F3E94 /* SampleMVVMTests.swift in Sources */ = {isa = PBXBuildFile; fileRef = FCB4BA8A2873CD28001F3E94 /* SampleMVVMTests.swift */; };
		FCB4BA952873CD28001F3E94 /* SampleMVVMUITests.swift in Sources */ = {isa = PBXBuildFile; fileRef = FCB4BA942873CD28001F3E94 /* SampleMVVMUITests.swift */; };
		FCB4BA972873CD28001F3E94 /* SampleMVVMUITestsLaunchTests.swift in Sources */ = {isa = PBXBuildFile; fileRef = FCB4BA962873CD28001F3E94 /* SampleMVVMUITestsLaunchTests.swift */; };
		FCB4BAA42873CF8D001F3E94 /* FirstViewController.swift in Sources */ = {isa = PBXBuildFile; fileRef = FCB4BAA32873CF8D001F3E94 /* FirstViewController.swift */; };
		FCB4BAA62873CFBB001F3E94 /* SecondViewController.swift in Sources */ = {isa = PBXBuildFile; fileRef = FCB4BAA52873CFBB001F3E94 /* SecondViewController.swift */; };
		FCB4BAA92873D158001F3E94 /* RxCocoa in Frameworks */ = {isa = PBXBuildFile; productRef = FCB4BAA82873D158001F3E94 /* RxCocoa */; };
		FCB4BAAB2873D158001F3E94 /* RxSwift in Frameworks */ = {isa = PBXBuildFile; productRef = FCB4BAAA2873D158001F3E94 /* RxSwift */; };
		FCB4BAAD2873D158001F3E94 /* RxTest in Frameworks */ = {isa = PBXBuildFile; productRef = FCB4BAAC2873D158001F3E94 /* RxTest */; };
		FCB4BAB02873D1C2001F3E94 /* RxOptional in Frameworks */ = {isa = PBXBuildFile; productRef = FCB4BAAF2873D1C2001F3E94 /* RxOptional */; };
		FCB4BAB22873D4EF001F3E94 /* First.storyboard in Resources */ = {isa = PBXBuildFile; fileRef = FCB4BAB12873D4EF001F3E94 /* First.storyboard */; };
		FCB4BAB42873D501001F3E94 /* Second.storyboard in Resources */ = {isa = PBXBuildFile; fileRef = FCB4BAB32873D501001F3E94 /* Second.storyboard */; };
/* End PBXBuildFile section */

/* Begin PBXContainerItemProxy section */
		FCB4BA872873CD28001F3E94 /* PBXContainerItemProxy */ = {
			isa = PBXContainerItemProxy;
			containerPortal = FCB4BA682873CD25001F3E94 /* Project object */;
			proxyType = 1;
			remoteGlobalIDString = FCB4BA6F2873CD25001F3E94;
			remoteInfo = SampleMVVM;
		};
		FCB4BA912873CD28001F3E94 /* PBXContainerItemProxy */ = {
			isa = PBXContainerItemProxy;
			containerPortal = FCB4BA682873CD25001F3E94 /* Project object */;
			proxyType = 1;
			remoteGlobalIDString = FCB4BA6F2873CD25001F3E94;
			remoteInfo = SampleMVVM;
		};
/* End PBXContainerItemProxy section */

/* Begin PBXFileReference section */
		FCB4BA702873CD25001F3E94 /* SampleMVVM.app */ = {isa = PBXFileReference; explicitFileType = wrapper.application; includeInIndex = 0; path = SampleMVVM.app; sourceTree = BUILT_PRODUCTS_DIR; };
		FCB4BA732873CD25001F3E94 /* AppDelegate.swift */ = {isa = PBXFileReference; lastKnownFileType = sourcecode.swift; path = AppDelegate.swift; sourceTree = "<group>"; };
		FCB4BA752873CD25001F3E94 /* SceneDelegate.swift */ = {isa = PBXFileReference; lastKnownFileType = sourcecode.swift; path = SceneDelegate.swift; sourceTree = "<group>"; };
		FCB4BA7C2873CD28001F3E94 /* Assets.xcassets */ = {isa = PBXFileReference; lastKnownFileType = folder.assetcatalog; path = Assets.xcassets; sourceTree = "<group>"; };
		FCB4BA7F2873CD28001F3E94 /* Base */ = {isa = PBXFileReference; lastKnownFileType = file.storyboard; name = Base; path = Base.lproj/LaunchScreen.storyboard; sourceTree = "<group>"; };
		FCB4BA812873CD28001F3E94 /* Info.plist */ = {isa = PBXFileReference; lastKnownFileType = text.plist.xml; path = Info.plist; sourceTree = "<group>"; };
		FCB4BA862873CD28001F3E94 /* SampleMVVMTests.xctest */ = {isa = PBXFileReference; explicitFileType = wrapper.cfbundle; includeInIndex = 0; path = SampleMVVMTests.xctest; sourceTree = BUILT_PRODUCTS_DIR; };
		FCB4BA8A2873CD28001F3E94 /* SampleMVVMTests.swift */ = {isa = PBXFileReference; lastKnownFileType = sourcecode.swift; path = SampleMVVMTests.swift; sourceTree = "<group>"; };
		FCB4BA902873CD28001F3E94 /* SampleMVVMUITests.xctest */ = {isa = PBXFileReference; explicitFileType = wrapper.cfbundle; includeInIndex = 0; path = SampleMVVMUITests.xctest; sourceTree = BUILT_PRODUCTS_DIR; };
		FCB4BA942873CD28001F3E94 /* SampleMVVMUITests.swift */ = {isa = PBXFileReference; lastKnownFileType = sourcecode.swift; path = SampleMVVMUITests.swift; sourceTree = "<group>"; };
		FCB4BA962873CD28001F3E94 /* SampleMVVMUITestsLaunchTests.swift */ = {isa = PBXFileReference; lastKnownFileType = sourcecode.swift; path = SampleMVVMUITestsLaunchTests.swift; sourceTree = "<group>"; };
		FCB4BAA32873CF8D001F3E94 /* FirstViewController.swift */ = {isa = PBXFileReference; lastKnownFileType = sourcecode.swift; path = FirstViewController.swift; sourceTree = "<group>"; };
		FCB4BAA52873CFBB001F3E94 /* SecondViewController.swift */ = {isa = PBXFileReference; lastKnownFileType = sourcecode.swift; path = SecondViewController.swift; sourceTree = "<group>"; };
		FCB4BAB12873D4EF001F3E94 /* First.storyboard */ = {isa = PBXFileReference; lastKnownFileType = file.storyboard; path = First.storyboard; sourceTree = "<group>"; };
		FCB4BAB32873D501001F3E94 /* Second.storyboard */ = {isa = PBXFileReference; lastKnownFileType = file.storyboard; path = Second.storyboard; sourceTree = "<group>"; };
/* End PBXFileReference section */

/* Begin PBXFrameworksBuildPhase section */
		FCB4BA6D2873CD25001F3E94 /* Frameworks */ = {
			isa = PBXFrameworksBuildPhase;
			buildActionMask = 2147483647;
			files = (
				FCB4BAAB2873D158001F3E94 /* RxSwift in Frameworks */,
				FCB4BAAD2873D158001F3E94 /* RxTest in Frameworks */,
				FCB4BAB02873D1C2001F3E94 /* RxOptional in Frameworks */,
				FCB4BAA92873D158001F3E94 /* RxCocoa in Frameworks */,
			);
			runOnlyForDeploymentPostprocessing = 0;
		};
		FCB4BA832873CD28001F3E94 /* Frameworks */ = {
			isa = PBXFrameworksBuildPhase;
			buildActionMask = 2147483647;
			files = (
			);
			runOnlyForDeploymentPostprocessing = 0;
		};
		FCB4BA8D2873CD28001F3E94 /* Frameworks */ = {
			isa = PBXFrameworksBuildPhase;
			buildActionMask = 2147483647;
			files = (
			);
			runOnlyForDeploymentPostprocessing = 0;
		};
/* End PBXFrameworksBuildPhase section */

/* Begin PBXGroup section */
		FCB4BA672873CD25001F3E94 = {
			isa = PBXGroup;
			children = (
				FCB4BA722873CD25001F3E94 /* SampleMVVM */,
				FCB4BA892873CD28001F3E94 /* SampleMVVMTests */,
				FCB4BA932873CD28001F3E94 /* SampleMVVMUITests */,
				FCB4BA712873CD25001F3E94 /* Products */,
			);
			sourceTree = "<group>";
		};
		FCB4BA712873CD25001F3E94 /* Products */ = {
			isa = PBXGroup;
			children = (
				FCB4BA702873CD25001F3E94 /* SampleMVVM.app */,
				FCB4BA862873CD28001F3E94 /* SampleMVVMTests.xctest */,
				FCB4BA902873CD28001F3E94 /* SampleMVVMUITests.xctest */,
			);
			name = Products;
			sourceTree = "<group>";
		};
		FCB4BA722873CD25001F3E94 /* SampleMVVM */ = {
			isa = PBXGroup;
			children = (
				FCB4BA732873CD25001F3E94 /* AppDelegate.swift */,
				FCB4BA752873CD25001F3E94 /* SceneDelegate.swift */,
				FCB4BAB12873D4EF001F3E94 /* First.storyboard */,
				FCB4BAA32873CF8D001F3E94 /* FirstViewController.swift */,
				FCB4BAB32873D501001F3E94 /* Second.storyboard */,
				FCB4BAA52873CFBB001F3E94 /* SecondViewController.swift */,
				FCB4BA7C2873CD28001F3E94 /* Assets.xcassets */,
				FCB4BA7E2873CD28001F3E94 /* LaunchScreen.storyboard */,
				FCB4BA812873CD28001F3E94 /* Info.plist */,
			);
			path = SampleMVVM;
			sourceTree = "<group>";
		};
		FCB4BA892873CD28001F3E94 /* SampleMVVMTests */ = {
			isa = PBXGroup;
			children = (
				FCB4BA8A2873CD28001F3E94 /* SampleMVVMTests.swift */,
			);
			path = SampleMVVMTests;
			sourceTree = "<group>";
		};
		FCB4BA932873CD28001F3E94 /* SampleMVVMUITests */ = {
			isa = PBXGroup;
			children = (
				FCB4BA942873CD28001F3E94 /* SampleMVVMUITests.swift */,
				FCB4BA962873CD28001F3E94 /* SampleMVVMUITestsLaunchTests.swift */,
			);
			path = SampleMVVMUITests;
			sourceTree = "<group>";
		};
/* End PBXGroup section */

/* Begin PBXNativeTarget section */
		FCB4BA6F2873CD25001F3E94 /* SampleMVVM */ = {
			isa = PBXNativeTarget;
			buildConfigurationList = FCB4BA9A2873CD28001F3E94 /* Build configuration list for PBXNativeTarget "SampleMVVM" */;
			buildPhases = (
				FCB4BA6C2873CD25001F3E94 /* Sources */,
				FCB4BA6D2873CD25001F3E94 /* Frameworks */,
				FCB4BA6E2873CD25001F3E94 /* Resources */,
			);
			buildRules = (
			);
			dependencies = (
			);
			name = SampleMVVM;
			packageProductDependencies = (
				FCB4BAA82873D158001F3E94 /* RxCocoa */,
				FCB4BAAA2873D158001F3E94 /* RxSwift */,
				FCB4BAAC2873D158001F3E94 /* RxTest */,
				FCB4BAAF2873D1C2001F3E94 /* RxOptional */,
			);
			productName = SampleMVVM;
			productReference = FCB4BA702873CD25001F3E94 /* SampleMVVM.app */;
			productType = "com.apple.product-type.application";
		};
		FCB4BA852873CD28001F3E94 /* SampleMVVMTests */ = {
			isa = PBXNativeTarget;
			buildConfigurationList = FCB4BA9D2873CD28001F3E94 /* Build configuration list for PBXNativeTarget "SampleMVVMTests" */;
			buildPhases = (
				FCB4BA822873CD28001F3E94 /* Sources */,
				FCB4BA832873CD28001F3E94 /* Frameworks */,
				FCB4BA842873CD28001F3E94 /* Resources */,
			);
			buildRules = (
			);
			dependencies = (
				FCB4BA882873CD28001F3E94 /* PBXTargetDependency */,
			);
			name = SampleMVVMTests;
			productName = SampleMVVMTests;
			productReference = FCB4BA862873CD28001F3E94 /* SampleMVVMTests.xctest */;
			productType = "com.apple.product-type.bundle.unit-test";
		};
		FCB4BA8F2873CD28001F3E94 /* SampleMVVMUITests */ = {
			isa = PBXNativeTarget;
			buildConfigurationList = FCB4BAA02873CD28001F3E94 /* Build configuration list for PBXNativeTarget "SampleMVVMUITests" */;
			buildPhases = (
				FCB4BA8C2873CD28001F3E94 /* Sources */,
				FCB4BA8D2873CD28001F3E94 /* Frameworks */,
				FCB4BA8E2873CD28001F3E94 /* Resources */,
			);
			buildRules = (
			);
			dependencies = (
				FCB4BA922873CD28001F3E94 /* PBXTargetDependency */,
			);
			name = SampleMVVMUITests;
			productName = SampleMVVMUITests;
			productReference = FCB4BA902873CD28001F3E94 /* SampleMVVMUITests.xctest */;
			productType = "com.apple.product-type.bundle.ui-testing";
		};
/* End PBXNativeTarget section */

/* Begin PBXProject section */
		FCB4BA682873CD25001F3E94 /* Project object */ = {
			isa = PBXProject;
			attributes = {
				BuildIndependentTargetsInParallel = 1;
				LastSwiftUpdateCheck = 1340;
				LastUpgradeCheck = 1340;
				TargetAttributes = {
					FCB4BA6F2873CD25001F3E94 = {
						CreatedOnToolsVersion = 13.4.1;
					};
					FCB4BA852873CD28001F3E94 = {
						CreatedOnToolsVersion = 13.4.1;
						TestTargetID = FCB4BA6F2873CD25001F3E94;
					};
					FCB4BA8F2873CD28001F3E94 = {
						CreatedOnToolsVersion = 13.4.1;
						TestTargetID = FCB4BA6F2873CD25001F3E94;
					};
				};
			};
			buildConfigurationList = FCB4BA6B2873CD25001F3E94 /* Build configuration list for PBXProject "SampleMVVM" */;
			compatibilityVersion = "Xcode 13.0";
			developmentRegion = en;
			hasScannedForEncodings = 0;
			knownRegions = (
				en,
				Base,
			);
			mainGroup = FCB4BA672873CD25001F3E94;
			packageReferences = (
				FCB4BAA72873D158001F3E94 /* XCRemoteSwiftPackageReference "RxSwift" */,
				FCB4BAAE2873D1C2001F3E94 /* XCRemoteSwiftPackageReference "RxOptional" */,
			);
			productRefGroup = FCB4BA712873CD25001F3E94 /* Products */;
			projectDirPath = "";
			projectRoot = "";
			targets = (
				FCB4BA6F2873CD25001F3E94 /* SampleMVVM */,
				FCB4BA852873CD28001F3E94 /* SampleMVVMTests */,
				FCB4BA8F2873CD28001F3E94 /* SampleMVVMUITests */,
			);
		};
/* End PBXProject section */

/* Begin PBXResourcesBuildPhase section */
		FCB4BA6E2873CD25001F3E94 /* Resources */ = {
			isa = PBXResourcesBuildPhase;
			buildActionMask = 2147483647;
			files = (
				FCB4BAB42873D501001F3E94 /* Second.storyboard in Resources */,
				FCB4BA802873CD28001F3E94 /* LaunchScreen.storyboard in Resources */,
				FCB4BA7D2873CD28001F3E94 /* Assets.xcassets in Resources */,
				FCB4BAB22873D4EF001F3E94 /* First.storyboard in Resources */,
			);
			runOnlyForDeploymentPostprocessing = 0;
		};
		FCB4BA842873CD28001F3E94 /* Resources */ = {
			isa = PBXResourcesBuildPhase;
			buildActionMask = 2147483647;
			files = (
			);
			runOnlyForDeploymentPostprocessing = 0;
		};
		FCB4BA8E2873CD28001F3E94 /* Resources */ = {
			isa = PBXResourcesBuildPhase;
			buildActionMask = 2147483647;
			files = (
			);
			runOnlyForDeploymentPostprocessing = 0;
		};
/* End PBXResourcesBuildPhase section */

/* Begin PBXSourcesBuildPhase section */
		FCB4BA6C2873CD25001F3E94 /* Sources */ = {
			isa = PBXSourcesBuildPhase;
			buildActionMask = 2147483647;
			files = (
				FCB4BAA62873CFBB001F3E94 /* SecondViewController.swift in Sources */,
				FCB4BAA42873CF8D001F3E94 /* FirstViewController.swift in Sources */,
				FCB4BA742873CD25001F3E94 /* AppDelegate.swift in Sources */,
				FCB4BA762873CD25001F3E94 /* SceneDelegate.swift in Sources */,
			);
			runOnlyForDeploymentPostprocessing = 0;
		};
		FCB4BA822873CD28001F3E94 /* Sources */ = {
			isa = PBXSourcesBuildPhase;
			buildActionMask = 2147483647;
			files = (
				FCB4BA8B2873CD28001F3E94 /* SampleMVVMTests.swift in Sources */,
			);
			runOnlyForDeploymentPostprocessing = 0;
		};
		FCB4BA8C2873CD28001F3E94 /* Sources */ = {
			isa = PBXSourcesBuildPhase;
			buildActionMask = 2147483647;
			files = (
				FCB4BA972873CD28001F3E94 /* SampleMVVMUITestsLaunchTests.swift in Sources */,
				FCB4BA952873CD28001F3E94 /* SampleMVVMUITests.swift in Sources */,
			);
			runOnlyForDeploymentPostprocessing = 0;
		};
/* End PBXSourcesBuildPhase section */

/* Begin PBXTargetDependency section */
		FCB4BA882873CD28001F3E94 /* PBXTargetDependency */ = {
			isa = PBXTargetDependency;
			target = FCB4BA6F2873CD25001F3E94 /* SampleMVVM */;
			targetProxy = FCB4BA872873CD28001F3E94 /* PBXContainerItemProxy */;
		};
		FCB4BA922873CD28001F3E94 /* PBXTargetDependency */ = {
			isa = PBXTargetDependency;
			target = FCB4BA6F2873CD25001F3E94 /* SampleMVVM */;
			targetProxy = FCB4BA912873CD28001F3E94 /* PBXContainerItemProxy */;
		};
/* End PBXTargetDependency section */

/* Begin PBXVariantGroup section */
		FCB4BA7E2873CD28001F3E94 /* LaunchScreen.storyboard */ = {
			isa = PBXVariantGroup;
			children = (
				FCB4BA7F2873CD28001F3E94 /* Base */,
			);
			name = LaunchScreen.storyboard;
			sourceTree = "<group>";
		};
/* End PBXVariantGroup section */

/* Begin XCBuildConfiguration section */
		FCB4BA982873CD28001F3E94 /* Debug */ = {
			isa = XCBuildConfiguration;
			buildSettings = {
				ALWAYS_SEARCH_USER_PATHS = NO;
				CLANG_ANALYZER_NONNULL = YES;
				CLANG_ANALYZER_NUMBER_OBJECT_CONVERSION = YES_AGGRESSIVE;
				CLANG_CXX_LANGUAGE_STANDARD = "gnu++17";
				CLANG_ENABLE_MODULES = YES;
				CLANG_ENABLE_OBJC_ARC = YES;
				CLANG_ENABLE_OBJC_WEAK = YES;
				CLANG_WARN_BLOCK_CAPTURE_AUTORELEASING = YES;
				CLANG_WARN_BOOL_CONVERSION = YES;
				CLANG_WARN_COMMA = YES;
				CLANG_WARN_CONSTANT_CONVERSION = YES;
				CLANG_WARN_DEPRECATED_OBJC_IMPLEMENTATIONS = YES;
				CLANG_WARN_DIRECT_OBJC_ISA_USAGE = YES_ERROR;
				CLANG_WARN_DOCUMENTATION_COMMENTS = YES;
				CLANG_WARN_EMPTY_BODY = YES;
				CLANG_WARN_ENUM_CONVERSION = YES;
				CLANG_WARN_INFINITE_RECURSION = YES;
				CLANG_WARN_INT_CONVERSION = YES;
				CLANG_WARN_NON_LITERAL_NULL_CONVERSION = YES;
				CLANG_WARN_OBJC_IMPLICIT_RETAIN_SELF = YES;
				CLANG_WARN_OBJC_LITERAL_CONVERSION = YES;
				CLANG_WARN_OBJC_ROOT_CLASS = YES_ERROR;
				CLANG_WARN_QUOTED_INCLUDE_IN_FRAMEWORK_HEADER = YES;
				CLANG_WARN_RANGE_LOOP_ANALYSIS = YES;
				CLANG_WARN_STRICT_PROTOTYPES = YES;
				CLANG_WARN_SUSPICIOUS_MOVE = YES;
				CLANG_WARN_UNGUARDED_AVAILABILITY = YES_AGGRESSIVE;
				CLANG_WARN_UNREACHABLE_CODE = YES;
				CLANG_WARN__DUPLICATE_METHOD_MATCH = YES;
				COPY_PHASE_STRIP = NO;
				DEBUG_INFORMATION_FORMAT = dwarf;
				ENABLE_STRICT_OBJC_MSGSEND = YES;
				ENABLE_TESTABILITY = YES;
				GCC_C_LANGUAGE_STANDARD = gnu11;
				GCC_DYNAMIC_NO_PIC = NO;
				GCC_NO_COMMON_BLOCKS = YES;
				GCC_OPTIMIZATION_LEVEL = 0;
				GCC_PREPROCESSOR_DEFINITIONS = (
					"DEBUG=1",
					"$(inherited)",
				);
				GCC_WARN_64_TO_32_BIT_CONVERSION = YES;
				GCC_WARN_ABOUT_RETURN_TYPE = YES_ERROR;
				GCC_WARN_UNDECLARED_SELECTOR = YES;
				GCC_WARN_UNINITIALIZED_AUTOS = YES_AGGRESSIVE;
				GCC_WARN_UNUSED_FUNCTION = YES;
				GCC_WARN_UNUSED_VARIABLE = YES;
				IPHONEOS_DEPLOYMENT_TARGET = 15.5;
				MTL_ENABLE_DEBUG_INFO = INCLUDE_SOURCE;
				MTL_FAST_MATH = YES;
				ONLY_ACTIVE_ARCH = YES;
				SDKROOT = iphoneos;
				SWIFT_ACTIVE_COMPILATION_CONDITIONS = DEBUG;
				SWIFT_OPTIMIZATION_LEVEL = "-Onone";
			};
			name = Debug;
		};
		FCB4BA992873CD28001F3E94 /* Release */ = {
			isa = XCBuildConfiguration;
			buildSettings = {
				ALWAYS_SEARCH_USER_PATHS = NO;
				CLANG_ANALYZER_NONNULL = YES;
				CLANG_ANALYZER_NUMBER_OBJECT_CONVERSION = YES_AGGRESSIVE;
				CLANG_CXX_LANGUAGE_STANDARD = "gnu++17";
				CLANG_ENABLE_MODULES = YES;
				CLANG_ENABLE_OBJC_ARC = YES;
				CLANG_ENABLE_OBJC_WEAK = YES;
				CLANG_WARN_BLOCK_CAPTURE_AUTORELEASING = YES;
				CLANG_WARN_BOOL_CONVERSION = YES;
				CLANG_WARN_COMMA = YES;
				CLANG_WARN_CONSTANT_CONVERSION = YES;
				CLANG_WARN_DEPRECATED_OBJC_IMPLEMENTATIONS = YES;
				CLANG_WARN_DIRECT_OBJC_ISA_USAGE = YES_ERROR;
				CLANG_WARN_DOCUMENTATION_COMMENTS = YES;
				CLANG_WARN_EMPTY_BODY = YES;
				CLANG_WARN_ENUM_CONVERSION = YES;
				CLANG_WARN_INFINITE_RECURSION = YES;
				CLANG_WARN_INT_CONVERSION = YES;
				CLANG_WARN_NON_LITERAL_NULL_CONVERSION = YES;
				CLANG_WARN_OBJC_IMPLICIT_RETAIN_SELF = YES;
				CLANG_WARN_OBJC_LITERAL_CONVERSION = YES;
				CLANG_WARN_OBJC_ROOT_CLASS = YES_ERROR;
				CLANG_WARN_QUOTED_INCLUDE_IN_FRAMEWORK_HEADER = YES;
				CLANG_WARN_RANGE_LOOP_ANALYSIS = YES;
				CLANG_WARN_STRICT_PROTOTYPES = YES;
				CLANG_WARN_SUSPICIOUS_MOVE = YES;
				CLANG_WARN_UNGUARDED_AVAILABILITY = YES_AGGRESSIVE;
				CLANG_WARN_UNREACHABLE_CODE = YES;
				CLANG_WARN__DUPLICATE_METHOD_MATCH = YES;
				COPY_PHASE_STRIP = NO;
				DEBUG_INFORMATION_FORMAT = "dwarf-with-dsym";
				ENABLE_NS_ASSERTIONS = NO;
				ENABLE_STRICT_OBJC_MSGSEND = YES;
				GCC_C_LANGUAGE_STANDARD = gnu11;
				GCC_NO_COMMON_BLOCKS = YES;
				GCC_WARN_64_TO_32_BIT_CONVERSION = YES;
				GCC_WARN_ABOUT_RETURN_TYPE = YES_ERROR;
				GCC_WARN_UNDECLARED_SELECTOR = YES;
				GCC_WARN_UNINITIALIZED_AUTOS = YES_AGGRESSIVE;
				GCC_WARN_UNUSED_FUNCTION = YES;
				GCC_WARN_UNUSED_VARIABLE = YES;
				IPHONEOS_DEPLOYMENT_TARGET = 15.5;
				MTL_ENABLE_DEBUG_INFO = NO;
				MTL_FAST_MATH = YES;
				SDKROOT = iphoneos;
				SWIFT_COMPILATION_MODE = wholemodule;
				SWIFT_OPTIMIZATION_LEVEL = "-O";
				VALIDATE_PRODUCT = YES;
			};
			name = Release;
		};
		FCB4BA9B2873CD28001F3E94 /* Debug */ = {
			isa = XCBuildConfiguration;
			buildSettings = {
				ASSETCATALOG_COMPILER_APPICON_NAME = AppIcon;
				ASSETCATALOG_COMPILER_GLOBAL_ACCENT_COLOR_NAME = AccentColor;
				CODE_SIGN_STYLE = Automatic;
				CURRENT_PROJECT_VERSION = 1;
				GENERATE_INFOPLIST_FILE = YES;
				INFOPLIST_FILE = SampleMVVM/Info.plist;
				INFOPLIST_KEY_UIApplicationSupportsIndirectInputEvents = YES;
				INFOPLIST_KEY_UILaunchStoryboardName = LaunchScreen;
				INFOPLIST_KEY_UISupportedInterfaceOrientations_iPad = "UIInterfaceOrientationPortrait UIInterfaceOrientationPortraitUpsideDown UIInterfaceOrientationLandscapeLeft UIInterfaceOrientationLandscapeRight";
				INFOPLIST_KEY_UISupportedInterfaceOrientations_iPhone = "UIInterfaceOrientationPortrait UIInterfaceOrientationLandscapeLeft UIInterfaceOrientationLandscapeRight";
				IPHONEOS_DEPLOYMENT_TARGET = 14.0;
				LD_RUNPATH_SEARCH_PATHS = (
					"$(inherited)",
					"@executable_path/Frameworks",
				);
				MARKETING_VERSION = 1.0;
				PRODUCT_BUNDLE_IDENTIFIER = com.tanaka.SampleMVVM;
				PRODUCT_NAME = "$(TARGET_NAME)";
				SWIFT_EMIT_LOC_STRINGS = YES;
				SWIFT_VERSION = 5.0;
				TARGETED_DEVICE_FAMILY = 1;
			};
			name = Debug;
		};
		FCB4BA9C2873CD28001F3E94 /* Release */ = {
			isa = XCBuildConfiguration;
			buildSettings = {
				ASSETCATALOG_COMPILER_APPICON_NAME = AppIcon;
				ASSETCATALOG_COMPILER_GLOBAL_ACCENT_COLOR_NAME = AccentColor;
				CODE_SIGN_STYLE = Automatic;
				CURRENT_PROJECT_VERSION = 1;
				GENERATE_INFOPLIST_FILE = YES;
				INFOPLIST_FILE = SampleMVVM/Info.plist;
				INFOPLIST_KEY_UIApplicationSupportsIndirectInputEvents = YES;
				INFOPLIST_KEY_UILaunchStoryboardName = LaunchScreen;
				INFOPLIST_KEY_UISupportedInterfaceOrientations_iPad = "UIInterfaceOrientationPortrait UIInterfaceOrientationPortraitUpsideDown UIInterfaceOrientationLandscapeLeft UIInterfaceOrientationLandscapeRight";
				INFOPLIST_KEY_UISupportedInterfaceOrientations_iPhone = "UIInterfaceOrientationPortrait UIInterfaceOrientationLandscapeLeft UIInterfaceOrientationLandscapeRight";
				IPHONEOS_DEPLOYMENT_TARGET = 14.0;
				LD_RUNPATH_SEARCH_PATHS = (
					"$(inherited)",
					"@executable_path/Frameworks",
				);
				MARKETING_VERSION = 1.0;
				PRODUCT_BUNDLE_IDENTIFIER = com.tanaka.SampleMVVM;
				PRODUCT_NAME = "$(TARGET_NAME)";
				SWIFT_EMIT_LOC_STRINGS = YES;
				SWIFT_VERSION = 5.0;
				TARGETED_DEVICE_FAMILY = 1;
			};
			name = Release;
		};
		FCB4BA9E2873CD28001F3E94 /* Debug */ = {
			isa = XCBuildConfiguration;
			buildSettings = {
				ALWAYS_EMBED_SWIFT_STANDARD_LIBRARIES = YES;
				BUNDLE_LOADER = "$(TEST_HOST)";
				CODE_SIGN_STYLE = Automatic;
				CURRENT_PROJECT_VERSION = 1;
				GENERATE_INFOPLIST_FILE = YES;
				IPHONEOS_DEPLOYMENT_TARGET = 15.5;
				MARKETING_VERSION = 1.0;
				PRODUCT_BUNDLE_IDENTIFIER = com.tanaka.SampleMVVMTests;
				PRODUCT_NAME = "$(TARGET_NAME)";
				SWIFT_EMIT_LOC_STRINGS = NO;
				SWIFT_VERSION = 5.0;
				TARGETED_DEVICE_FAMILY = "1,2";
				TEST_HOST = "$(BUILT_PRODUCTS_DIR)/SampleMVVM.app/SampleMVVM";
			};
			name = Debug;
		};
		FCB4BA9F2873CD28001F3E94 /* Release */ = {
			isa = XCBuildConfiguration;
			buildSettings = {
				ALWAYS_EMBED_SWIFT_STANDARD_LIBRARIES = YES;
				BUNDLE_LOADER = "$(TEST_HOST)";
				CODE_SIGN_STYLE = Automatic;
				CURRENT_PROJECT_VERSION = 1;
				GENERATE_INFOPLIST_FILE = YES;
				IPHONEOS_DEPLOYMENT_TARGET = 15.5;
				MARKETING_VERSION = 1.0;
				PRODUCT_BUNDLE_IDENTIFIER = com.tanaka.SampleMVVMTests;
				PRODUCT_NAME = "$(TARGET_NAME)";
				SWIFT_EMIT_LOC_STRINGS = NO;
				SWIFT_VERSION = 5.0;
				TARGETED_DEVICE_FAMILY = "1,2";
				TEST_HOST = "$(BUILT_PRODUCTS_DIR)/SampleMVVM.app/SampleMVVM";
			};
			name = Release;
		};
		FCB4BAA12873CD28001F3E94 /* Debug */ = {
			isa = XCBuildConfiguration;
			buildSettings = {
				ALWAYS_EMBED_SWIFT_STANDARD_LIBRARIES = YES;
				CODE_SIGN_STYLE = Automatic;
				CURRENT_PROJECT_VERSION = 1;
				GENERATE_INFOPLIST_FILE = YES;
				MARKETING_VERSION = 1.0;
				PRODUCT_BUNDLE_IDENTIFIER = com.tanaka.SampleMVVMUITests;
				PRODUCT_NAME = "$(TARGET_NAME)";
				SWIFT_EMIT_LOC_STRINGS = NO;
				SWIFT_VERSION = 5.0;
				TARGETED_DEVICE_FAMILY = "1,2";
				TEST_TARGET_NAME = SampleMVVM;
			};
			name = Debug;
		};
		FCB4BAA22873CD28001F3E94 /* Release */ = {
			isa = XCBuildConfiguration;
			buildSettings = {
				ALWAYS_EMBED_SWIFT_STANDARD_LIBRARIES = YES;
				CODE_SIGN_STYLE = Automatic;
				CURRENT_PROJECT_VERSION = 1;
				GENERATE_INFOPLIST_FILE = YES;
				MARKETING_VERSION = 1.0;
				PRODUCT_BUNDLE_IDENTIFIER = com.tanaka.SampleMVVMUITests;
				PRODUCT_NAME = "$(TARGET_NAME)";
				SWIFT_EMIT_LOC_STRINGS = NO;
				SWIFT_VERSION = 5.0;
				TARGETED_DEVICE_FAMILY = "1,2";
				TEST_TARGET_NAME = SampleMVVM;
			};
			name = Release;
		};
/* End XCBuildConfiguration section */

/* Begin XCConfigurationList section */
		FCB4BA6B2873CD25001F3E94 /* Build configuration list for PBXProject "SampleMVVM" */ = {
			isa = XCConfigurationList;
			buildConfigurations = (
				FCB4BA982873CD28001F3E94 /* Debug */,
				FCB4BA992873CD28001F3E94 /* Release */,
			);
			defaultConfigurationIsVisible = 0;
			defaultConfigurationName = Release;
		};
		FCB4BA9A2873CD28001F3E94 /* Build configuration list for PBXNativeTarget "SampleMVVM" */ = {
			isa = XCConfigurationList;
			buildConfigurations = (
				FCB4BA9B2873CD28001F3E94 /* Debug */,
				FCB4BA9C2873CD28001F3E94 /* Release */,
			);
			defaultConfigurationIsVisible = 0;
			defaultConfigurationName = Release;
		};
		FCB4BA9D2873CD28001F3E94 /* Build configuration list for PBXNativeTarget "SampleMVVMTests" */ = {
			isa = XCConfigurationList;
			buildConfigurations = (
				FCB4BA9E2873CD28001F3E94 /* Debug */,
				FCB4BA9F2873CD28001F3E94 /* Release */,
			);
			defaultConfigurationIsVisible = 0;
			defaultConfigurationName = Release;
		};
		FCB4BAA02873CD28001F3E94 /* Build configuration list for PBXNativeTarget "SampleMVVMUITests" */ = {
			isa = XCConfigurationList;
			buildConfigurations = (
				FCB4BAA12873CD28001F3E94 /* Debug */,
				FCB4BAA22873CD28001F3E94 /* Release */,
			);
			defaultConfigurationIsVisible = 0;
			defaultConfigurationName = Release;
		};
/* End XCConfigurationList section */

/* Begin XCRemoteSwiftPackageReference section */
		FCB4BAA72873D158001F3E94 /* XCRemoteSwiftPackageReference "RxSwift" */ = {
			isa = XCRemoteSwiftPackageReference;
			repositoryURL = "https://github.com/ReactiveX/RxSwift";
			requirement = {
				kind = upToNextMajorVersion;
				minimumVersion = 6.0.0;
			};
		};
		FCB4BAAE2873D1C2001F3E94 /* XCRemoteSwiftPackageReference "RxOptional" */ = {
			isa = XCRemoteSwiftPackageReference;
			repositoryURL = "https://github.com/RxSwiftCommunity/RxOptional";
			requirement = {
				kind = upToNextMajorVersion;
				minimumVersion = 5.0.0;
			};
		};
/* End XCRemoteSwiftPackageReference section */

/* Begin XCSwiftPackageProductDependency section */
		FCB4BAA82873D158001F3E94 /* RxCocoa */ = {
			isa = XCSwiftPackageProductDependency;
			package = FCB4BAA72873D158001F3E94 /* XCRemoteSwiftPackageReference "RxSwift" */;
			productName = RxCocoa;
		};
		FCB4BAAA2873D158001F3E94 /* RxSwift */ = {
			isa = XCSwiftPackageProductDependency;
			package = FCB4BAA72873D158001F3E94 /* XCRemoteSwiftPackageReference "RxSwift" */;
			productName = RxSwift;
		};
		FCB4BAAC2873D158001F3E94 /* RxTest */ = {
			isa = XCSwiftPackageProductDependency;
			package = FCB4BAA72873D158001F3E94 /* XCRemoteSwiftPackageReference "RxSwift" */;
			productName = RxTest;
		};
		FCB4BAAF2873D1C2001F3E94 /* RxOptional */ = {
			isa = XCSwiftPackageProductDependency;
			package = FCB4BAAE2873D1C2001F3E94 /* XCRemoteSwiftPackageReference "RxOptional" */;
			productName = RxOptional;
		};
/* End XCSwiftPackageProductDependency section */
	};
	rootObject = FCB4BA682873CD25001F3E94 /* Project object */;
}
